
Microsoft Visual Studio Solution File, Format Version 12.00
# Visual Studio Version 17
VisualStudioVersion = 17.4.33213.308
MinimumVisualStudioVersion = 10.0.40219.1
Project("{FAE04EC0-301F-11D3-BF4B-00C04F79EFBC}") = "SistemskoProgramiranjeLab2", "SistemskoProgramiranjeLab2\SistemskoProgramiranjeLab2.csproj", "{83D48CEA-97B1-4754-ABBB-197572D010F0}"
EndProject
Global
	GlobalSection(SolutionConfigurationPlatforms) = preSolution
		Debug|Any CPU = Debug|Any CPU
		Release|Any CPU = Release|Any CPU
	EndGlobalSection
	GlobalSection(ProjectConfigurationPlatforms) = postSolution
		{83D48CEA-97B1-4754-ABBB-197572D010F0}.Debug|Any CPU.ActiveCfg = Debug|Any CPU
		{83D48CEA-97B1-4754-ABBB-197572D010F0}.Debug|Any CPU.Build.0 = Debug|Any CPU
		{83D48CEA-97B1-4754-ABBB-197572D010F0}.Release|Any CPU.ActiveCfg = Release|Any CPU
		{83D48CEA-97B1-4754-ABBB-197572D010F0}.Release|Any CPU.Build.0 = Release|Any CPU
	EndGlobalSection
	GlobalSection(SolutionProperties) = preSolution
		HideSolutionNode = FALSE
	EndGlobalSection
	GlobalSection(ExtensibilityGlobals) = postSolution
		SolutionGuid = {434D6223-90CD-4B1F-B847-DC84DD656208}
	EndGlobalSection
EndGlobal
